Microsoft Visual Studio Solution File, Format Version 12.00
# Visual Studio 2013
VisualStudioVersion = 12.0.31101.0
MinimumVisualStudioVersion = 10.0.40219.1
Project("{2150E333-8FDC-42A3-9474-1A3956D46DE8}") = ".paket", ".paket", "{63297B98-5CED-492C-A5B7-A5B4F73CF142}"
	ProjectSection(SolutionItems) = preProject
		paket.dependencies = paket.dependencies
	EndProjectSection
EndProject
Project("{F2A71F9B-5D33-465A-A702-920D77279786}") = "LemonadeProvider.Runtime", "src\LemonadeProvider.Runtime\LemonadeProvider.Runtime.fsproj", "{562C712C-F06E-4D10-9ABB-222B1D48019E}"
EndProject
Project("{F2A71F9B-5D33-465A-A702-920D77279786}") = "LemonadeProvider.DesignTime", "src\LemonadeProvider.DesignTime\LemonadeProvider.DesignTime.fsproj", "{1BAB2E39-9C94-4FE6-A8F6-99E304BCF833}"
EndProject
Project("{2150E333-8FDC-42A3-9474-1A3956D46DE8}") = "tests", "tests", "{ED8079DD-2B06-4030-9F0F-DC548F98E1C4}"
EndProject
Project("{F2A71F9B-5D33-465A-A702-920D77279786}") = "LemonadeProvider.Tests", "tests\LemonadeProvider.Tests\LemonadeProvider.Tests.fsproj", "{C28C58BB-2690-481C-BDBA-AC64E09E4E9A}"
EndProject
Global
	GlobalSection(SolutionConfigurationPlatforms) = preSolution
		Debug|Any CPU = Debug|Any CPU
		Release|Any CPU = Release|Any CPU
	EndGlobalSection
	GlobalSection(ProjectConfigurationPlatforms) = postSolution
		{562C712C-F06E-4D10-9ABB-222B1D48019E}.Debug|Any CPU.ActiveCfg = Debug|Any CPU
		{562C712C-F06E-4D10-9ABB-222B1D48019E}.Debug|Any CPU.Build.0 = Debug|Any CPU
		{562C712C-F06E-4D10-9ABB-222B1D48019E}.Release|Any CPU.ActiveCfg = Release|Any CPU
		{562C712C-F06E-4D10-9ABB-222B1D48019E}.Release|Any CPU.Build.0 = Release|Any CPU
		{1BAB2E39-9C94-4FE6-A8F6-99E304BCF833}.Debug|Any CPU.ActiveCfg = Debug|Any CPU
		{1BAB2E39-9C94-4FE6-A8F6-99E304BCF833}.Debug|Any CPU.Build.0 = Debug|Any CPU
		{1BAB2E39-9C94-4FE6-A8F6-99E304BCF833}.Release|Any CPU.ActiveCfg = Release|Any CPU
		{1BAB2E39-9C94-4FE6-A8F6-99E304BCF833}.Release|Any CPU.Build.0 = Release|Any CPU
		{C28C58BB-2690-481C-BDBA-AC64E09E4E9A}.Debug|Any CPU.ActiveCfg = Debug|Any CPU
		{C28C58BB-2690-481C-BDBA-AC64E09E4E9A}.Debug|Any CPU.Build.0 = Debug|Any CPU
		{C28C58BB-2690-481C-BDBA-AC64E09E4E9A}.Release|Any CPU.ActiveCfg = Release|Any CPU
		{C28C58BB-2690-481C-BDBA-AC64E09E4E9A}.Release|Any CPU.Build.0 = Release|Any CPU
	EndGlobalSection
	GlobalSection(SolutionProperties) = preSolution
		HideSolutionNode = FALSE
	EndGlobalSection
	GlobalSection(NestedProjects) = preSolution
		{C28C58BB-2690-481C-BDBA-AC64E09E4E9A} = {ED8079DD-2B06-4030-9F0F-DC548F98E1C4}
	EndGlobalSection
EndGlobal
